
Microsoft Visual Studio Solution File, Format Version 12.00
# Visual Studio Version 17
VisualStudioVersion = 17.5.002.0
MinimumVisualStudioVersion = 10.0.40219.1
Project("{9A19103F-16F7-4668-BE54-9A1E7A4F7556}") = "Desafio11-Maior-Produto-Em-Uma-Grade", "Desafio11-Maior-Produto-Em-Uma-Grade.csproj", "{CE30A92C-A872-4051-A5D2-30743C6E47EB}"
EndProject
Global
	GlobalSection(SolutionConfigurationPlatforms) = preSolution
		Debug|Any CPU = Debug|Any CPU
		Release|Any CPU = Release|Any CPU
	EndGlobalSection
	GlobalSection(ProjectConfigurationPlatforms) = postSolution
		{CE30A92C-A872-4051-A5D2-30743C6E47EB}.Debug|Any CPU.ActiveCfg = Debug|Any CPU
		{CE30A92C-A872-4051-A5D2-30743C6E47EB}.Debug|Any CPU.Build.0 = Debug|Any CPU
		{CE30A92C-A872-4051-A5D2-30743C6E47EB}.Release|Any CPU.ActiveCfg = Release|Any CPU
		{CE30A92C-A872-4051-A5D2-30743C6E47EB}.Release|Any CPU.Build.0 = Release|Any CPU
	EndGlobalSection
	GlobalSection(SolutionProperties) = preSolution
		HideSolutionNode = FALSE
	EndGlobalSection
	GlobalSection(ExtensibilityGlobals) = postSolution
		SolutionGuid = {1AAE1084-C7B8-497B-B27A-9D5BD5280D52}
	EndGlobalSection
EndGlobal
